// !$*UTF8*$!
{
	archiveVersion = 1;
	classes = {
	};
	objectVersion = 56;
	objects = {

/* Begin PBXBuildFile section */
		7BF5D87F2C65F89B0019139B /* ToDoListApp.swift in Sources */ = {isa = PBXBuildFile; fileRef = 7BF5D87E2C65F89B0019139B /* ToDoListApp.swift */; };
		7BF5D8832C65F89D0019139B /* Assets.xcassets in Resources */ = {isa = PBXBuildFile; fileRef = 7BF5D8822C65F89D0019139B /* Assets.xcassets */; };
		7BF5D8862C65F89D0019139B /* Preview Assets.xcassets in Resources */ = {isa = PBXBuildFile; fileRef = 7BF5D8852C65F89D0019139B /* Preview Assets.xcassets */; };
		7BF5D8902C65F89E0019139B /* ToDoListTests.swift in Sources */ = {isa = PBXBuildFile; fileRef = 7BF5D88F2C65F89E0019139B /* ToDoListTests.swift */; };
		7BF5D89A2C65F89E0019139B /* ToDoListUITests.swift in Sources */ = {isa = PBXBuildFile; fileRef = 7BF5D8992C65F89E0019139B /* ToDoListUITests.swift */; };
		7BF5D89C2C65F89E0019139B /* ToDoListUITestsLaunchTests.swift in Sources */ = {isa = PBXBuildFile; fileRef = 7BF5D89B2C65F89E0019139B /* ToDoListUITestsLaunchTests.swift */; };
		7BF5D8AA2C65F9520019139B /* ListView.swift in Sources */ = {isa = PBXBuildFile; fileRef = 7BF5D8A92C65F9520019139B /* ListView.swift */; };
		7BF5D8AC2C65FB010019139B /* ListRowView.swift in Sources */ = {isa = PBXBuildFile; fileRef = 7BF5D8AB2C65FB010019139B /* ListRowView.swift */; };
		7BF5D8B02C6601000019139B /* AddView.swift in Sources */ = {isa = PBXBuildFile; fileRef = 7BF5D8AF2C6601000019139B /* AddView.swift */; };
		7BF5D8B32C66076B0019139B /* ItemModel.swift in Sources */ = {isa = PBXBuildFile; fileRef = 7BF5D8B22C66076B0019139B /* ItemModel.swift */; };
		7BF5D8B62C66103F0019139B /* ListViewModel.swift in Sources */ = {isa = PBXBuildFile; fileRef = 7BF5D8B52C66103F0019139B /* ListViewModel.swift */; };
		7BF5D8B82C6633B80019139B /* NoItemsView.swift in Sources */ = {isa = PBXBuildFile; fileRef = 7BF5D8B72C6633B80019139B /* NoItemsView.swift */; };
		7BF5D8BA2C6651D70019139B /* LaunchScreen.storyboard in Resources */ = {isa = PBXBuildFile; fileRef = 7BF5D8B92C6651D70019139B /* LaunchScreen.storyboard */; };
		7BF5D8BC2C6B383A0019139B /* DetailsView.swift in Sources */ = {isa = PBXBuildFile; fileRef = 7BF5D8BB2C6B383A0019139B /* DetailsView.swift */; };
		7BF5D8BE2C6B829C0019139B /* ItemInfo.swift in Sources */ = {isa = PBXBuildFile; fileRef = 7BF5D8BD2C6B829C0019139B /* ItemInfo.swift */; };
/* End PBXBuildFile section */

/* Begin PBXContainerItemProxy section */
		7BF5D88C2C65F89E0019139B /* PBXContainerItemProxy */ = {
			isa = PBXContainerItemProxy;
			containerPortal = 7BF5D8732C65F89B0019139B /* Project object */;
			proxyType = 1;
			remoteGlobalIDString = 7BF5D87A2C65F89B0019139B;
			remoteInfo = ToDoList;
		};
		7BF5D8962C65F89E0019139B /* PBXContainerItemProxy */ = {
			isa = PBXContainerItemProxy;
			containerPortal = 7BF5D8732C65F89B0019139B /* Project object */;
			proxyType = 1;
			remoteGlobalIDString = 7BF5D87A2C65F89B0019139B;
			remoteInfo = ToDoList;
		};
/* End PBXContainerItemProxy section */

/* Begin PBXFileReference section */
		7BF5D87B2C65F89B0019139B /* ToDoList.app */ = {isa = PBXFileReference; explicitFileType = wrapper.application; includeInIndex = 0; path = ToDoList.app; sourceTree = BUILT_PRODUCTS_DIR; };
		7BF5D87E2C65F89B0019139B /* ToDoListApp.swift */ = {isa = PBXFileReference; lastKnownFileType = sourcecode.swift; path = ToDoListApp.swift; sourceTree = "<group>"; };
		7BF5D8822C65F89D0019139B /* Assets.xcassets */ = {isa = PBXFileReference; lastKnownFileType = folder.assetcatalog; path = Assets.xcassets; sourceTree = "<group>"; };
		7BF5D8852C65F89D0019139B /* Preview Assets.xcassets */ = {isa = PBXFileReference; lastKnownFileType = folder.assetcatalog; path = "Preview Assets.xcassets"; sourceTree = "<group>"; };
		7BF5D88B2C65F89E0019139B /* ToDoListTests.xctest */ = {isa = PBXFileReference; explicitFileType = wrapper.cfbundle; includeInIndex = 0; path = ToDoListTests.xctest; sourceTree = BUILT_PRODUCTS_DIR; };
		7BF5D88F2C65F89E0019139B /* ToDoListTests.swift */ = {isa = PBXFileReference; lastKnownFileType = sourcecode.swift; path = ToDoListTests.swift; sourceTree = "<group>"; };
		7BF5D8952C65F89E0019139B /* ToDoListUITests.xctest */ = {isa = PBXFileReference; explicitFileType = wrapper.cfbundle; includeInIndex = 0; path = ToDoListUITests.xctest; sourceTree = BUILT_PRODUCTS_DIR; };
		7BF5D8992C65F89E0019139B /* ToDoListUITests.swift */ = {isa = PBXFileReference; lastKnownFileType = sourcecode.swift; path = ToDoListUITests.swift; sourceTree = "<group>"; };
		7BF5D89B2C65F89E0019139B /* ToDoListUITestsLaunchTests.swift */ = {isa = PBXFileReference; lastKnownFileType = sourcecode.swift; path = ToDoListUITestsLaunchTests.swift; sourceTree = "<group>"; };
		7BF5D8A92C65F9520019139B /* ListView.swift */ = {isa = PBXFileReference; lastKnownFileType = sourcecode.swift; path = ListView.swift; sourceTree = "<group>"; };
		7BF5D8AB2C65FB010019139B /* ListRowView.swift */ = {isa = PBXFileReference; lastKnownFileType = sourcecode.swift; path = ListRowView.swift; sourceTree = "<group>"; };
		7BF5D8AF2C6601000019139B /* AddView.swift */ = {isa = PBXFileReference; lastKnownFileType = sourcecode.swift; path = AddView.swift; sourceTree = "<group>"; };
		7BF5D8B22C66076B0019139B /* ItemModel.swift */ = {isa = PBXFileReference; lastKnownFileType = sourcecode.swift; path = ItemModel.swift; sourceTree = "<group>"; };
		7BF5D8B52C66103F0019139B /* ListViewModel.swift */ = {isa = PBXFileReference; lastKnownFileType = sourcecode.swift; path = ListViewModel.swift; sourceTree = "<group>"; };
		7BF5D8B72C6633B80019139B /* NoItemsView.swift */ = {isa = PBXFileReference; lastKnownFileType = sourcecode.swift; path = NoItemsView.swift; sourceTree = "<group>"; };
		7BF5D8B92C6651D70019139B /* LaunchScreen.storyboard */ = {isa = PBXFileReference; lastKnownFileType = file.storyboard; path = LaunchScreen.storyboard; sourceTree = "<group>"; };
		7BF5D8BB2C6B383A0019139B /* DetailsView.swift */ = {isa = PBXFileReference; lastKnownFileType = sourcecode.swift; path = DetailsView.swift; sourceTree = "<group>"; };
		7BF5D8BD2C6B829C0019139B /* ItemInfo.swift */ = {isa = PBXFileReference; lastKnownFileType = sourcecode.swift; path = ItemInfo.swift; sourceTree = "<group>"; };
/* End PBXFileReference section */

/* Begin PBXFrameworksBuildPhase section */
		7BF5D8782C65F89B0019139B /* Frameworks */ = {
			isa = PBXFrameworksBuildPhase;
			buildActionMask = 2147483647;
			files = (
			);
			runOnlyForDeploymentPostprocessing = 0;
		};
		7BF5D8882C65F89E0019139B /* Frameworks */ = {
			isa = PBXFrameworksBuildPhase;
			buildActionMask = 2147483647;
			files = (
			);
			runOnlyForDeploymentPostprocessing = 0;
		};
		7BF5D8922C65F89E0019139B /* Frameworks */ = {
			isa = PBXFrameworksBuildPhase;
			buildActionMask = 2147483647;
			files = (
			);
			runOnlyForDeploymentPostprocessing = 0;
		};
/* End PBXFrameworksBuildPhase section */

/* Begin PBXGroup section */
		7BF5D8722C65F89B0019139B = {
			isa = PBXGroup;
			children = (
				7BF5D8B92C6651D70019139B /* LaunchScreen.storyboard */,
				7BF5D87D2C65F89B0019139B /* ToDoList */,
				7BF5D88E2C65F89E0019139B /* ToDoListTests */,
				7BF5D8982C65F89E0019139B /* ToDoListUITests */,
				7BF5D87C2C65F89B0019139B /* Products */,
			);
			sourceTree = "<group>";
		};
		7BF5D87C2C65F89B0019139B /* Products */ = {
			isa = PBXGroup;
			children = (
				7BF5D87B2C65F89B0019139B /* ToDoList.app */,
				7BF5D88B2C65F89E0019139B /* ToDoListTests.xctest */,
				7BF5D8952C65F89E0019139B /* ToDoListUITests.xctest */,
			);
			name = Products;
			sourceTree = "<group>";
		};
		7BF5D87D2C65F89B0019139B /* ToDoList */ = {
			isa = PBXGroup;
			children = (
				7BF5D87E2C65F89B0019139B /* ToDoListApp.swift */,
				7BF5D8B12C6607410019139B /* Models */,
				7BF5D8B42C6610160019139B /* ViewModels */,
				7BF5D8A82C65F9400019139B /* Views */,
				7BF5D8822C65F89D0019139B /* Assets.xcassets */,
				7BF5D8842C65F89D0019139B /* Preview Content */,
			);
			path = ToDoList;
			sourceTree = "<group>";
		};
		7BF5D8842C65F89D0019139B /* Preview Content */ = {
			isa = PBXGroup;
			children = (
				7BF5D8852C65F89D0019139B /* Preview Assets.xcassets */,
			);
			path = "Preview Content";
			sourceTree = "<group>";
		};
		7BF5D88E2C65F89E0019139B /* ToDoListTests */ = {
			isa = PBXGroup;
			children = (
				7BF5D88F2C65F89E0019139B /* ToDoListTests.swift */,
			);
			path = ToDoListTests;
			sourceTree = "<group>";
		};
		7BF5D8982C65F89E0019139B /* ToDoListUITests */ = {
			isa = PBXGroup;
			children = (
				7BF5D8992C65F89E0019139B /* ToDoListUITests.swift */,
				7BF5D89B2C65F89E0019139B /* ToDoListUITestsLaunchTests.swift */,
			);
			path = ToDoListUITests;
			sourceTree = "<group>";
		};
		7BF5D8A82C65F9400019139B /* Views */ = {
			isa = PBXGroup;
			children = (
				7BF5D8A92C65F9520019139B /* ListView.swift */,
				7BF5D8AB2C65FB010019139B /* ListRowView.swift */,
				7BF5D8AF2C6601000019139B /* AddView.swift */,
				7BF5D8B72C6633B80019139B /* NoItemsView.swift */,
				7BF5D8BB2C6B383A0019139B /* DetailsView.swift */,
				7BF5D8BD2C6B829C0019139B /* ItemInfo.swift */,
			);
			path = Views;
			sourceTree = "<group>";
		};
		7BF5D8B12C6607410019139B /* Models */ = {
			isa = PBXGroup;
			children = (
				7BF5D8B22C66076B0019139B /* ItemModel.swift */,
			);
			path = Models;
			sourceTree = "<group>";
		};
		7BF5D8B42C6610160019139B /* ViewModels */ = {
			isa = PBXGroup;
			children = (
				7BF5D8B52C66103F0019139B /* ListViewModel.swift */,
			);
			path = ViewModels;
			sourceTree = "<group>";
		};
/* End PBXGroup section */

/* Begin PBXNativeTarget section */
		7BF5D87A2C65F89B0019139B /* ToDoList */ = {
			isa = PBXNativeTarget;
			buildConfigurationList = 7BF5D89F2C65F89E0019139B /* Build configuration list for PBXNativeTarget "ToDoList" */;
			buildPhases = (
				7BF5D8772C65F89B0019139B /* Sources */,
				7BF5D8782C65F89B0019139B /* Frameworks */,
				7BF5D8792C65F89B0019139B /* Resources */,
			);
			buildRules = (
			);
			dependencies = (
			);
			name = ToDoList;
			productName = ToDoList;
			productReference = 7BF5D87B2C65F89B0019139B /* ToDoList.app */;
			productType = "com.apple.product-type.application";
		};
		7BF5D88A2C65F89E0019139B /* ToDoListTests */ = {
			isa = PBXNativeTarget;
			buildConfigurationList = 7BF5D8A22C65F89E0019139B /* Build configuration list for PBXNativeTarget "ToDoListTests" */;
			buildPhases = (
				7BF5D8872C65F89E0019139B /* Sources */,
				7BF5D8882C65F89E0019139B /* Frameworks */,
				7BF5D8892C65F89E0019139B /* Resources */,
			);
			buildRules = (
			);
			dependencies = (
				7BF5D88D2C65F89E0019139B /* PBXTargetDependency */,
			);
			name = ToDoListTests;
			productName = ToDoListTests;
			productReference = 7BF5D88B2C65F89E0019139B /* ToDoListTests.xctest */;
			productType = "com.apple.product-type.bundle.unit-test";
		};
		7BF5D8942C65F89E0019139B /* ToDoListUITests */ = {
			isa = PBXNativeTarget;
			buildConfigurationList = 7BF5D8A52C65F89E0019139B /* Build configuration list for PBXNativeTarget "ToDoListUITests" */;
			buildPhases = (
				7BF5D8912C65F89E0019139B /* Sources */,
				7BF5D8922C65F89E0019139B /* Frameworks */,
				7BF5D8932C65F89E0019139B /* Resources */,
			);
			buildRules = (
			);
			dependencies = (
				7BF5D8972C65F89E0019139B /* PBXTargetDependency */,
			);
			name = ToDoListUITests;
			productName = ToDoListUITests;
			productReference = 7BF5D8952C65F89E0019139B /* ToDoListUITests.xctest */;
			productType = "com.apple.product-type.bundle.ui-testing";
		};
/* End PBXNativeTarget section */

/* Begin PBXProject section */
		7BF5D8732C65F89B0019139B /* Project object */ = {
			isa = PBXProject;
			attributes = {
				BuildIndependentTargetsInParallel = 1;
				LastSwiftUpdateCheck = 1540;
				LastUpgradeCheck = 1540;
				TargetAttributes = {
					7BF5D87A2C65F89B0019139B = {
						CreatedOnToolsVersion = 15.4;
					};
					7BF5D88A2C65F89E0019139B = {
						CreatedOnToolsVersion = 15.4;
						TestTargetID = 7BF5D87A2C65F89B0019139B;
					};
					7BF5D8942C65F89E0019139B = {
						CreatedOnToolsVersion = 15.4;
						TestTargetID = 7BF5D87A2C65F89B0019139B;
					};
				};
			};
			buildConfigurationList = 7BF5D8762C65F89B0019139B /* Build configuration list for PBXProject "ToDoList" */;
			compatibilityVersion = "Xcode 14.0";
			developmentRegion = en;
			hasScannedForEncodings = 0;
			knownRegions = (
				en,
				Base,
			);
			mainGroup = 7BF5D8722C65F89B0019139B;
			productRefGroup = 7BF5D87C2C65F89B0019139B /* Products */;
			projectDirPath = "";
			projectRoot = "";
			targets = (
				7BF5D87A2C65F89B0019139B /* ToDoList */,
				7BF5D88A2C65F89E0019139B /* ToDoListTests */,
				7BF5D8942C65F89E0019139B /* ToDoListUITests */,
			);
		};
/* End PBXProject section */

/* Begin PBXResourcesBuildPhase section */
		7BF5D8792C65F89B0019139B /* Resources */ = {
			isa = PBXResourcesBuildPhase;
			buildActionMask = 2147483647;
			files = (
				7BF5D8BA2C6651D70019139B /* LaunchScreen.storyboard in Resources */,
				7BF5D8862C65F89D0019139B /* Preview Assets.xcassets in Resources */,
				7BF5D8832C65F89D0019139B /* Assets.xcassets in Resources */,
			);
			runOnlyForDeploymentPostprocessing = 0;
		};
		7BF5D8892C65F89E0019139B /* Resources */ = {
			isa = PBXResourcesBuildPhase;
			buildActionMask = 2147483647;
			files = (
			);
			runOnlyForDeploymentPostprocessing = 0;
		};
		7BF5D8932C65F89E0019139B /* Resources */ = {
			isa = PBXResourcesBuildPhase;
			buildActionMask = 2147483647;
			files = (
			);
			runOnlyForDeploymentPostprocessing = 0;
		};
/* End PBXResourcesBuildPhase section */

/* Begin PBXSourcesBuildPhase section */
		7BF5D8772C65F89B0019139B /* Sources */ = {
			isa = PBXSourcesBuildPhase;
			buildActionMask = 2147483647;
			files = (
				7BF5D8B32C66076B0019139B /* ItemModel.swift in Sources */,
				7BF5D8B02C6601000019139B /* AddView.swift in Sources */,
				7BF5D8B62C66103F0019139B /* ListViewModel.swift in Sources */,
				7BF5D87F2C65F89B0019139B /* ToDoListApp.swift in Sources */,
				7BF5D8BE2C6B829C0019139B /* ItemInfo.swift in Sources */,
				7BF5D8AA2C65F9520019139B /* ListView.swift in Sources */,
				7BF5D8BC2C6B383A0019139B /* DetailsView.swift in Sources */,
				7BF5D8B82C6633B80019139B /* NoItemsView.swift in Sources */,
				7BF5D8AC2C65FB010019139B /* ListRowView.swift in Sources */,
			);
			runOnlyForDeploymentPostprocessing = 0;
		};
		7BF5D8872C65F89E0019139B /* Sources */ = {
			isa = PBXSourcesBuildPhase;
			buildActionMask = 2147483647;
			files = (
				7BF5D8902C65F89E0019139B /* ToDoListTests.swift in Sources */,
			);
			runOnlyForDeploymentPostprocessing = 0;
		};
		7BF5D8912C65F89E0019139B /* Sources */ = {
			isa = PBXSourcesBuildPhase;
			buildActionMask = 2147483647;
			files = (
				7BF5D89C2C65F89E0019139B /* ToDoListUITestsLaunchTests.swift in Sources */,
				7BF5D89A2C65F89E0019139B /* ToDoListUITests.swift in Sources */,
			);
			runOnlyForDeploymentPostprocessing = 0;
		};
/* End PBXSourcesBuildPhase section */

/* Begin PBXTargetDependency section */
		7BF5D88D2C65F89E0019139B /* PBXTargetDependency */ = {
			isa = PBXTargetDependency;
			target = 7BF5D87A2C65F89B0019139B /* ToDoList */;
			targetProxy = 7BF5D88C2C65F89E0019139B /* PBXContainerItemProxy */;
		};
		7BF5D8972C65F89E0019139B /* PBXTargetDependency */ = {
			isa = PBXTargetDependency;
			target = 7BF5D87A2C65F89B0019139B /* ToDoList */;
			targetProxy = 7BF5D8962C65F89E0019139B /* PBXContainerItemProxy */;
		};
/* End PBXTargetDependency section */

/* Begin XCBuildConfiguration section */
		7BF5D89D2C65F89E0019139B /* Debug */ = {
			isa = XCBuildConfiguration;
			buildSettings = {
				ALWAYS_SEARCH_USER_PATHS = NO;
				ASSETCATALOG_COMPILER_GENERATE_SWIFT_ASSET_SYMBOL_EXTENSIONS = YES;
				CLANG_ANALYZER_NONNULL = YES;
				CLANG_ANALYZER_NUMBER_OBJECT_CONVERSION = YES_AGGRESSIVE;
				CLANG_CXX_LANGUAGE_STANDARD = "gnu++20";
				CLANG_ENABLE_MODULES = YES;
				CLANG_ENABLE_OBJC_ARC = YES;
				CLANG_ENABLE_OBJC_WEAK = YES;
				CLANG_WARN_BLOCK_CAPTURE_AUTORELEASING = YES;
				CLANG_WARN_BOOL_CONVERSION = YES;
				CLANG_WARN_COMMA = YES;
				CLANG_WARN_CONSTANT_CONVERSION = YES;
				CLANG_WARN_DEPRECATED_OBJC_IMPLEMENTATIONS = YES;
				CLANG_WARN_DIRECT_OBJC_ISA_USAGE = YES_ERROR;
				CLANG_WARN_DOCUMENTATION_COMMENTS = YES;
				CLANG_WARN_EMPTY_BODY = YES;
				CLANG_WARN_ENUM_CONVERSION = YES;
				CLANG_WARN_INFINITE_RECURSION = YES;
				CLANG_WARN_INT_CONVERSION = YES;
				CLANG_WARN_NON_LITERAL_NULL_CONVERSION = YES;
				CLANG_WARN_OBJC_IMPLICIT_RETAIN_SELF = YES;
				CLANG_WARN_OBJC_LITERAL_CONVERSION = YES;
				CLANG_WARN_OBJC_ROOT_CLASS = YES_ERROR;
				CLANG_WARN_QUOTED_INCLUDE_IN_FRAMEWORK_HEADER = YES;
				CLANG_WARN_RANGE_LOOP_ANALYSIS = YES;
				CLANG_WARN_STRICT_PROTOTYPES = YES;
				CLANG_WARN_SUSPICIOUS_MOVE = YES;
				CLANG_WARN_UNGUARDED_AVAILABILITY = YES_AGGRESSIVE;
				CLANG_WARN_UNREACHABLE_CODE = YES;
				CLANG_WARN__DUPLICATE_METHOD_MATCH = YES;
				COPY_PHASE_STRIP = NO;
				DEBUG_INFORMATION_FORMAT = dwarf;
				ENABLE_STRICT_OBJC_MSGSEND = YES;
				ENABLE_TESTABILITY = YES;
				ENABLE_USER_SCRIPT_SANDBOXING = YES;
				GCC_C_LANGUAGE_STANDARD = gnu17;
				GCC_DYNAMIC_NO_PIC = NO;
				GCC_NO_COMMON_BLOCKS = YES;
				GCC_OPTIMIZATION_LEVEL = 0;
				GCC_PREPROCESSOR_DEFINITIONS = (
					"DEBUG=1",
					"$(inherited)",
				);
				GCC_WARN_64_TO_32_BIT_CONVERSION = YES;
				GCC_WARN_ABOUT_RETURN_TYPE = YES_ERROR;
				GCC_WARN_UNDECLARED_SELECTOR = YES;
				GCC_WARN_UNINITIALIZED_AUTOS = YES_AGGRESSIVE;
				GCC_WARN_UNUSED_FUNCTION = YES;
				GCC_WARN_UNUSED_VARIABLE = YES;
				IPHONEOS_DEPLOYMENT_TARGET = 17.5;
				LOCALIZATION_PREFERS_STRING_CATALOGS = YES;
				MTL_ENABLE_DEBUG_INFO = INCLUDE_SOURCE;
				MTL_FAST_MATH = YES;
				ONLY_ACTIVE_ARCH = YES;
				SDKROOT = iphoneos;
				SWIFT_ACTIVE_COMPILATION_CONDITIONS = "DEBUG $(inherited)";
				SWIFT_OPTIMIZATION_LEVEL = "-Onone";
			};
			name = Debug;
		};
		7BF5D89E2C65F89E0019139B /* Release */ = {
			isa = XCBuildConfiguration;
			buildSettings = {
				ALWAYS_SEARCH_USER_PATHS = NO;
				ASSETCATALOG_COMPILER_GENERATE_SWIFT_ASSET_SYMBOL_EXTENSIONS = YES;
				CLANG_ANALYZER_NONNULL = YES;
				CLANG_ANALYZER_NUMBER_OBJECT_CONVERSION = YES_AGGRESSIVE;
				CLANG_CXX_LANGUAGE_STANDARD = "gnu++20";
				CLANG_ENABLE_MODULES = YES;
				CLANG_ENABLE_OBJC_ARC = YES;
				CLANG_ENABLE_OBJC_WEAK = YES;
				CLANG_WARN_BLOCK_CAPTURE_AUTORELEASING = YES;
				CLANG_WARN_BOOL_CONVERSION = YES;
				CLANG_WARN_COMMA = YES;
				CLANG_WARN_CONSTANT_CONVERSION = YES;
				CLANG_WARN_DEPRECATED_OBJC_IMPLEMENTATIONS = YES;
				CLANG_WARN_DIRECT_OBJC_ISA_USAGE = YES_ERROR;
				CLANG_WARN_DOCUMENTATION_COMMENTS = YES;
				CLANG_WARN_EMPTY_BODY = YES;
				CLANG_WARN_ENUM_CONVERSION = YES;
				CLANG_WARN_INFINITE_RECURSION = YES;
				CLANG_WARN_INT_CONVERSION = YES;
				CLANG_WARN_NON_LITERAL_NULL_CONVERSION = YES;
				CLANG_WARN_OBJC_IMPLICIT_RETAIN_SELF = YES;
				CLANG_WARN_OBJC_LITERAL_CONVERSION = YES;
				CLANG_WARN_OBJC_ROOT_CLASS = YES_ERROR;
				CLANG_WARN_QUOTED_INCLUDE_IN_FRAMEWORK_HEADER = YES;
				CLANG_WARN_RANGE_LOOP_ANALYSIS = YES;
				CLANG_WARN_STRICT_PROTOTYPES = YES;
				CLANG_WARN_SUSPICIOUS_MOVE = YES;
				CLANG_WARN_UNGUARDED_AVAILABILITY = YES_AGGRESSIVE;
				CLANG_WARN_UNREACHABLE_CODE = YES;
				CLANG_WARN__DUPLICATE_METHOD_MATCH = YES;
				COPY_PHASE_STRIP = NO;
				DEBUG_INFORMATION_FORMAT = "dwarf-with-dsym";
				ENABLE_NS_ASSERTIONS = NO;
				ENABLE_STRICT_OBJC_MSGSEND = YES;
				ENABLE_USER_SCRIPT_SANDBOXING = YES;
				GCC_C_LANGUAGE_STANDARD = gnu17;
				GCC_NO_COMMON_BLOCKS = YES;
				GCC_WARN_64_TO_32_BIT_CONVERSION = YES;
				GCC_WARN_ABOUT_RETURN_TYPE = YES_ERROR;
				GCC_WARN_UNDECLARED_SELECTOR = YES;
				GCC_WARN_UNINITIALIZED_AUTOS = YES_AGGRESSIVE;
				GCC_WARN_UNUSED_FUNCTION = YES;
				GCC_WARN_UNUSED_VARIABLE = YES;
				IPHONEOS_DEPLOYMENT_TARGET = 17.5;
				LOCALIZATION_PREFERS_STRING_CATALOGS = YES;
				MTL_ENABLE_DEBUG_INFO = NO;
				MTL_FAST_MATH = YES;
				SDKROOT = iphoneos;
				SWIFT_COMPILATION_MODE = wholemodule;
				VALIDATE_PRODUCT = YES;
			};
			name = Release;
		};
		7BF5D8A02C65F89E0019139B /* Debug */ = {
			isa = XCBuildConfiguration;
			buildSettings = {
				ASSETCATALOG_COMPILER_APPICON_NAME = AppIcon;
				ASSETCATALOG_COMPILER_GLOBAL_ACCENT_COLOR_NAME = AccentColor;
				CODE_SIGN_STYLE = Automatic;
				CURRENT_PROJECT_VERSION = 1;
				DEVELOPMENT_ASSET_PATHS = "\"ToDoList/Preview Content\"";
				DEVELOPMENT_TEAM = R856AKRHUX;
				ENABLE_PREVIEWS = YES;
				GENERATE_INFOPLIST_FILE = YES;
				INFOPLIST_KEY_CFBundleDisplayName = NotePlus;
				INFOPLIST_KEY_UIApplicationSceneManifest_Generation = YES;
				INFOPLIST_KEY_UIApplicationSupportsIndirectInputEvents = YES;
				INFOPLIST_KEY_UILaunchScreen_Generation = YES;
				INFOPLIST_KEY_UILaunchStoryboardName = LaunchScreen.storyboard;
				INFOPLIST_KEY_UISupportedInterfaceOrientations_iPad = "UIInterfaceOrientationPortrait UIInterfaceOrientationPortraitUpsideDown UIInterfaceOrientationLandscapeLeft UIInterfaceOrientationLandscapeRight";
				INFOPLIST_KEY_UISupportedInterfaceOrientations_iPhone = "UIInterfaceOrientationPortrait UIInterfaceOrientationLandscapeLeft UIInterfaceOrientationLandscapeRight";
				LD_RUNPATH_SEARCH_PATHS = (
					"$(inherited)",
					"@executable_path/Frameworks",
				);
				MARKETING_VERSION = 1.0;
				PRODUCT_BUNDLE_IDENTIFIER = com.unal.eren.ToDoList;
				PRODUCT_NAME = "$(TARGET_NAME)";
				SWIFT_EMIT_LOC_STRINGS = YES;
				SWIFT_VERSION = 5.0;
				TARGETED_DEVICE_FAMILY = "1,2";
			};
			name = Debug;
		};
		7BF5D8A12C65F89E0019139B /* Release */ = {
			isa = XCBuildConfiguration;
			buildSettings = {
				ASSETCATALOG_COMPILER_APPICON_NAME = AppIcon;
				ASSETCATALOG_COMPILER_GLOBAL_ACCENT_COLOR_NAME = AccentColor;
				CODE_SIGN_STYLE = Automatic;
				CURRENT_PROJECT_VERSION = 1;
				DEVELOPMENT_ASSET_PATHS = "\"ToDoList/Preview Content\"";
				DEVELOPMENT_TEAM = R856AKRHUX;
				ENABLE_PREVIEWS = YES;
				GENERATE_INFOPLIST_FILE = YES;
				INFOPLIST_KEY_CFBundleDisplayName = NotePlus;
				INFOPLIST_KEY_UIApplicationSceneManifest_Generation = YES;
				INFOPLIST_KEY_UIApplicationSupportsIndirectInputEvents = YES;
				INFOPLIST_KEY_UILaunchScreen_Generation = YES;
				INFOPLIST_KEY_UILaunchStoryboardName = LaunchScreen.storyboard;
				INFOPLIST_KEY_UISupportedInterfaceOrientations_iPad = "UIInterfaceOrientationPortrait UIInterfaceOrientationPortraitUpsideDown UIInterfaceOrientationLandscapeLeft UIInterfaceOrientationLandscapeRight";
				INFOPLIST_KEY_UISupportedInterfaceOrientations_iPhone = "UIInterfaceOrientationPortrait UIInterfaceOrientationLandscapeLeft UIInterfaceOrientationLandscapeRight";
				LD_RUNPATH_SEARCH_PATHS = (
					"$(inherited)",
					"@executable_path/Frameworks",
				);
				MARKETING_VERSION = 1.0;
				PRODUCT_BUNDLE_IDENTIFIER = com.unal.eren.ToDoList;
				PRODUCT_NAME = "$(TARGET_NAME)";
				SWIFT_EMIT_LOC_STRINGS = YES;
				SWIFT_VERSION = 5.0;
				TARGETED_DEVICE_FAMILY = "1,2";
			};
			name = Release;
		};
		7BF5D8A32C65F89E0019139B /* Debug */ = {
			isa = XCBuildConfiguration;
			buildSettings = {
				ALWAYS_EMBED_SWIFT_STANDARD_LIBRARIES = YES;
				BUNDLE_LOADER = "$(TEST_HOST)";
				CODE_SIGN_STYLE = Automatic;
				CURRENT_PROJECT_VERSION = 1;
				DEVELOPMENT_TEAM = R856AKRHUX;
				GENERATE_INFOPLIST_FILE = YES;
				IPHONEOS_DEPLOYMENT_TARGET = 17.5;
				MARKETING_VERSION = 1.0;
				PRODUCT_BUNDLE_IDENTIFIER = com.unal.eren.ToDoListTests;
				PRODUCT_NAME = "$(TARGET_NAME)";
				SWIFT_EMIT_LOC_STRINGS = NO;
				SWIFT_VERSION = 5.0;
				TARGETED_DEVICE_FAMILY = "1,2";
				TEST_HOST = "$(BUILT_PRODUCTS_DIR)/ToDoList.app/$(BUNDLE_EXECUTABLE_FOLDER_PATH)/ToDoList";
			};
			name = Debug;
		};
		7BF5D8A42C65F89E0019139B /* Release */ = {
			isa = XCBuildConfiguration;
			buildSettings = {
				ALWAYS_EMBED_SWIFT_STANDARD_LIBRARIES = YES;
				BUNDLE_LOADER = "$(TEST_HOST)";
				CODE_SIGN_STYLE = Automatic;
				CURRENT_PROJECT_VERSION = 1;
				DEVELOPMENT_TEAM = R856AKRHUX;
				GENERATE_INFOPLIST_FILE = YES;
				IPHONEOS_DEPLOYMENT_TARGET = 17.5;
				MARKETING_VERSION = 1.0;
				PRODUCT_BUNDLE_IDENTIFIER = com.unal.eren.ToDoListTests;
				PRODUCT_NAME = "$(TARGET_NAME)";
				SWIFT_EMIT_LOC_STRINGS = NO;
				SWIFT_VERSION = 5.0;
				TARGETED_DEVICE_FAMILY = "1,2";
				TEST_HOST = "$(BUILT_PRODUCTS_DIR)/ToDoList.app/$(BUNDLE_EXECUTABLE_FOLDER_PATH)/ToDoList";
			};
			name = Release;
		};
		7BF5D8A62C65F89E0019139B /* Debug */ = {
			isa = XCBuildConfiguration;
			buildSettings = {
				ALWAYS_EMBED_SWIFT_STANDARD_LIBRARIES = YES;
				CODE_SIGN_STYLE = Automatic;
				CURRENT_PROJECT_VERSION = 1;
				DEVELOPMENT_TEAM = R856AKRHUX;
				GENERATE_INFOPLIST_FILE = YES;
				MARKETING_VERSION = 1.0;
				PRODUCT_BUNDLE_IDENTIFIER = com.unal.eren.ToDoListUITests;
				PRODUCT_NAME = "$(TARGET_NAME)";
				SWIFT_EMIT_LOC_STRINGS = NO;
				SWIFT_VERSION = 5.0;
				TARGETED_DEVICE_FAMILY = "1,2";
				TEST_TARGET_NAME = ToDoList;
			};
			name = Debug;
		};
		7BF5D8A72C65F89E0019139B /* Release */ = {
			isa = XCBuildConfiguration;
			buildSettings = {
				ALWAYS_EMBED_SWIFT_STANDARD_LIBRARIES = YES;
				CODE_SIGN_STYLE = Automatic;
				CURRENT_PROJECT_VERSION = 1;
				DEVELOPMENT_TEAM = R856AKRHUX;
				GENERATE_INFOPLIST_FILE = YES;
				MARKETING_VERSION = 1.0;
				PRODUCT_BUNDLE_IDENTIFIER = com.unal.eren.ToDoListUITests;
				PRODUCT_NAME = "$(TARGET_NAME)";
				SWIFT_EMIT_LOC_STRINGS = NO;
				SWIFT_VERSION = 5.0;
				TARGETED_DEVICE_FAMILY = "1,2";
				TEST_TARGET_NAME = ToDoList;
			};
			name = Release;
		};
/* End XCBuildConfiguration section */

/* Begin XCConfigurationList section */
		7BF5D8762C65F89B0019139B /* Build configuration list for PBXProject "ToDoList" */ = {
			isa = XCConfigurationList;
			buildConfigurations = (
				7BF5D89D2C65F89E0019139B /* Debug */,
				7BF5D89E2C65F89E0019139B /* Release */,
			);
			defaultConfigurationIsVisible = 0;
			defaultConfigurationName = Release;
		};
		7BF5D89F2C65F89E0019139B /* Build configuration list for PBXNativeTarget "ToDoList" */ = {
			isa = XCConfigurationList;
			buildConfigurations = (
				7BF5D8A02C65F89E0019139B /* Debug */,
				7BF5D8A12C65F89E0019139B /* Release */,
			);
			defaultConfigurationIsVisible = 0;
			defaultConfigurationName = Release;
		};
		7BF5D8A22C65F89E0019139B /* Build configuration list for PBXNativeTarget "ToDoListTests" */ = {
			isa = XCConfigurationList;
			buildConfigurations = (
				7BF5D8A32C65F89E0019139B /* Debug */,
				7BF5D8A42C65F89E0019139B /* Release */,
			);
			defaultConfigurationIsVisible = 0;
			defaultConfigurationName = Release;
		};
		7BF5D8A52C65F89E0019139B /* Build configuration list for PBXNativeTarget "ToDoListUITests" */ = {
			isa = XCConfigurationList;
			buildConfigurations = (
				7BF5D8A62C65F89E0019139B /* Debug */,
				7BF5D8A72C65F89E0019139B /* Release */,
			);
			defaultConfigurationIsVisible = 0;
			defaultConfigurationName = Release;
		};
/* End XCConfigurationList section */
	};
	rootObject = 7BF5D8732C65F89B0019139B /* Project object */;
}
